
Microsoft Visual Studio Solution File, Format Version 12.00
# Visual Studio Version 17
VisualStudioVersion = 17.6.33723.286
MinimumVisualStudioVersion = 10.0.40219.1
Project("{FAE04EC0-301F-11D3-BF4B-00C04F79EFBC}") = "LSD_CLIENT_AQUA", "LSD_CLIENT_AQUA.csproj", "{611FABF2-86B6-4B26-9828-7207FC80D816}"
EndProject
Global
	GlobalSection(SolutionConfigurationPlatforms) = preSolution
		Debug|Any CPU = Debug|Any CPU
		Release|Any CPU = Release|Any CPU
	EndGlobalSection
	GlobalSection(ProjectConfigurationPlatforms) = postSolution
		{611FABF2-86B6-4B26-9828-7207FC80D816}.Debug|Any CPU.ActiveCfg = Debug|Any CPU
		{611FABF2-86B6-4B26-9828-7207FC80D816}.Debug|Any CPU.Build.0 = Debug|Any CPU
		{611FABF2-86B6-4B26-9828-7207FC80D816}.Release|Any CPU.ActiveCfg = Release|Any CPU
		{611FABF2-86B6-4B26-9828-7207FC80D816}.Release|Any CPU.Build.0 = Release|Any CPU
	EndGlobalSection
	GlobalSection(SolutionProperties) = preSolution
		HideSolutionNode = FALSE
	EndGlobalSection
	GlobalSection(ExtensibilityGlobals) = postSolution
		SolutionGuid = {660E0255-9483-483E-B2DB-F1C6B7DC872D}
	EndGlobalSection
EndGlobal
